{
  "name": "assets",
  "lockfileVersion": 2,
  "requires": true,
  "packages": {
    "": {
      "dependencies": {
        "phoenix": "file:../../../deps/phoenix",
        "phoenix_html": "file:../../../deps/phoenix_html",
        "phoenix_live_view": "file:../../../deps/phoenix_live_view",
        "pixi.js": "^8.17.1"
      }
    },
    "../../../deps/phoenix": {
      "version": "1.8.5",
      "license": "MIT",
      "devDependencies": {
        "@babel/cli": "7.28.6",
        "@babel/core": "7.29.0",
        "@babel/preset-env": "7.29.0",
        "@eslint/js": "^10.0.1",
        "@stylistic/eslint-plugin": "^5.0.0",
        "documentation": "^14.0.3",
        "eslint": "10.0.2",
        "eslint-plugin-jest": "29.15.0",
        "jest": "^30.0.0",
        "jest-environment-jsdom": "^30.0.0",
        "jsdom": "^28.1.0",
        "mock-socket": "^9.3.1"
      }
    },
    "../../../deps/phoenix_html": {
      "version": "4.3.0"
    },
    "../../../deps/phoenix_live_view": {
      "version": "1.1.28",
      "license": "MIT",
      "dependencies": {
        "morphdom": "2.7.8"
      },
      "devDependencies": {
        "@babel/cli": "7.27.2",
        "@babel/core": "7.27.4",
        "@babel/preset-env": "7.27.2",
        "@babel/preset-typescript": "^7.27.1",
        "@eslint/js": "^9.29.0",
        "@playwright/test": "^1.56.1",
        "@types/jest": "^30.0.0",
        "@types/phoenix": "^1.6.6",
        "css.escape": "^1.5.1",
        "eslint": "9.29.0",
        "eslint-plugin-jest": "28.14.0",
        "eslint-plugin-playwright": "^2.2.0",
        "globals": "^16.2.0",
        "jest": "^30.0.0",
        "jest-environment-jsdom": "^30.0.0",
        "jest-monocart-coverage": "^1.1.1",
        "monocart-reporter": "^2.9.21",
        "phoenix": "1.7.21",
        "prettier": "3.5.3",
        "ts-jest": "^29.4.0",
        "typescript": "^5.8.3",
        "typescript-eslint": "^8.34.0"
      }
    },
    "node_modules/@pixi/colord": {
      "version": "2.9.6",
      "resolved": "https://registry.npmjs.org/@pixi/colord/-/colord-2.9.6.tgz",
      "integrity": "sha512-nezytU2pw587fQstUu1AsJZDVEynjskwOL+kibwcdxsMBFqPsFFNA7xl0ii/gXuDi6M0xj3mfRJj8pBSc2jCfA==",
      "license": "MIT"
    },
    "node_modules/@types/earcut": {
      "version": "3.0.0",
      "resolved": "https://registry.npmjs.org/@types/earcut/-/earcut-3.0.0.tgz",
      "integrity": "sha512-k/9fOUGO39yd2sCjrbAJvGDEQvRwRnQIZlBz43roGwUZo5SHAmyVvSFyaVVZkicRVCaDXPKlbxrUcBuJoSWunQ==",
      "license": "MIT"
    },
    "node_modules/@webgpu/types": {
      "version": "0.1.69",
      "resolved": "https://registry.npmjs.org/@webgpu/types/-/types-0.1.69.tgz",
      "integrity": "sha512-RPmm6kgRbI8e98zSD3RVACvnuktIja5+yLgDAkTmxLr90BEwdTXRQWNLF3ETTTyH/8mKhznZuN5AveXYFEsMGQ==",
      "license": "BSD-3-Clause"
    },
    "node_modules/@xmldom/xmldom": {
      "version": "0.8.12",
      "resolved": "https://registry.npmjs.org/@xmldom/xmldom/-/xmldom-0.8.12.tgz",
      "integrity": "sha512-9k/gHF6n/pAi/9tqr3m3aqkuiNosYTurLLUtc7xQ9sxB/wm7WPygCv8GYa6mS0fLJEHhqMC1ATYhz++U/lRHqg==",
      "license": "MIT",
      "engines": {
        "node": ">=10.0.0"
      }
    },
    "node_modules/earcut": {
      "version": "3.0.2",
      "resolved": "https://registry.npmjs.org/earcut/-/earcut-3.0.2.tgz",
      "integrity": "sha512-X7hshQbLyMJ/3RPhyObLARM2sNxxmRALLKx1+NVFFnQ9gKzmCrxm9+uLIAdBcvc8FNLpctqlQ2V6AE92Ol9UDQ==",
      "license": "ISC"
    },
    "node_modules/eventemitter3": {
      "version": "5.0.4",
      "resolved": "https://registry.npmjs.org/eventemitter3/-/eventemitter3-5.0.4.tgz",
      "integrity": "sha512-mlsTRyGaPBjPedk6Bvw+aqbsXDtoAyAzm5MO7JgU+yVRyMQ5O8bD4Kcci7BS85f93veegeCPkL8R4GLClnjLFw==",
      "license": "MIT"
    },
    "node_modules/gifuct-js": {
      "version": "2.1.2",
      "resolved": "https://registry.npmjs.org/gifuct-js/-/gifuct-js-2.1.2.tgz",
      "integrity": "sha512-rI2asw77u0mGgwhV3qA+OEgYqaDn5UNqgs+Bx0FGwSpuqfYn+Ir6RQY5ENNQ8SbIiG/m5gVa7CD5RriO4f4Lsg==",
      "license": "MIT",
      "dependencies": {
        "js-binary-schema-parser": "^2.0.3"
      }
    },
    "node_modules/ismobilejs": {
      "version": "1.1.1",
      "resolved": "https://registry.npmjs.org/ismobilejs/-/ismobilejs-1.1.1.tgz",
      "integrity": "sha512-VaFW53yt8QO61k2WJui0dHf4SlL8lxBofUuUmwBo0ljPk0Drz2TiuDW4jo3wDcv41qy/SxrJ+VAzJ/qYqsmzRw==",
      "license": "MIT"
    },
    "node_modules/js-binary-schema-parser": {
      "version": "2.0.3",
      "resolved": "https://registry.npmjs.org/js-binary-schema-parser/-/js-binary-schema-parser-2.0.3.tgz",
      "integrity": "sha512-xezGJmOb4lk/M1ZZLTR/jaBHQ4gG/lqQnJqdIv4721DMggsa1bDVlHXNeHYogaIEHD9vCRv0fcL4hMA+Coarkg==",
      "license": "MIT"
    },
    "node_modules/parse-svg-path": {
      "version": "0.1.2",
      "resolved": "https://registry.npmjs.org/parse-svg-path/-/parse-svg-path-0.1.2.tgz",
      "integrity": "sha512-JyPSBnkTJ0AI8GGJLfMXvKq42cj5c006fnLz6fXy6zfoVjJizi8BNTpu8on8ziI1cKy9d9DGNuY17Ce7wuejpQ==",
      "license": "MIT"
    },
    "node_modules/phoenix": {
      "resolved": "../../../deps/phoenix",
      "link": true
    },
    "node_modules/phoenix_html": {
      "resolved": "../../../deps/phoenix_html",
      "link": true
    },
    "node_modules/phoenix_live_view": {
      "resolved": "../../../deps/phoenix_live_view",
      "link": true
    },
    "node_modules/pixi.js": {
      "version": "8.17.1",
      "resolved": "https://registry.npmjs.org/pixi.js/-/pixi.js-8.17.1.tgz",
      "integrity": "sha512-OB4TpZHrP5RYy+7FqmFrAc0IHRhfOoNIfF4sVeinvK3aG1r2pYrSMneJAKi9+WvGKC70Dj7GEpZ2OZGB6o/xdg==",
      "license": "MIT",
      "workspaces": [
        "examples",
        "playground"
      ],
      "dependencies": {
        "@pixi/colord": "^2.9.6",
        "@types/earcut": "^3.0.0",
        "@webgpu/types": "^0.1.69",
        "@xmldom/xmldom": "^0.8.11",
        "earcut": "^3.0.2",
        "eventemitter3": "^5.0.1",
        "gifuct-js": "^2.1.2",
        "ismobilejs": "^1.1.1",
        "parse-svg-path": "^0.1.2",
        "tiny-lru": "^11.4.7"
      },
      "funding": {
        "type": "opencollective",
        "url": "https://opencollective.com/pixijs"
      }
    },
    "node_modules/tiny-lru": {
      "version": "11.4.7",
      "resolved": "https://registry.npmjs.org/tiny-lru/-/tiny-lru-11.4.7.tgz",
      "integrity": "sha512-w/Te7uMUVeH0CR8vZIjr+XiN41V+30lkDdK+NRIDCUYKKuL9VcmaUEmaPISuwGhLlrTGh5yu18lENtR9axSxYw==",
      "license": "BSD-3-Clause",
      "engines": {
        "node": ">=12"
      }
    }
  },
  "dependencies": {
    "@pixi/colord": {
      "version": "2.9.6",
      "resolved": "https://registry.npmjs.org/@pixi/colord/-/colord-2.9.6.tgz",
      "integrity": "sha512-nezytU2pw587fQstUu1AsJZDVEynjskwOL+kibwcdxsMBFqPsFFNA7xl0ii/gXuDi6M0xj3mfRJj8pBSc2jCfA=="
    },
    "@types/earcut": {
      "version": "3.0.0",
      "resolved": "https://registry.npmjs.org/@types/earcut/-/earcut-3.0.0.tgz",
      "integrity": "sha512-k/9fOUGO39yd2sCjrbAJvGDEQvRwRnQIZlBz43roGwUZo5SHAmyVvSFyaVVZkicRVCaDXPKlbxrUcBuJoSWunQ=="
    },
    "@webgpu/types": {
      "version": "0.1.69",
      "resolved": "https://registry.npmjs.org/@webgpu/types/-/types-0.1.69.tgz",
      "integrity": "sha512-RPmm6kgRbI8e98zSD3RVACvnuktIja5+yLgDAkTmxLr90BEwdTXRQWNLF3ETTTyH/8mKhznZuN5AveXYFEsMGQ=="
    },
    "@xmldom/xmldom": {
      "version": "0.8.12",
      "resolved": "https://registry.npmjs.org/@xmldom/xmldom/-/xmldom-0.8.12.tgz",
      "integrity": "sha512-9k/gHF6n/pAi/9tqr3m3aqkuiNosYTurLLUtc7xQ9sxB/wm7WPygCv8GYa6mS0fLJEHhqMC1ATYhz++U/lRHqg=="
    },
    "earcut": {
      "version": "3.0.2",
      "resolved": "https://registry.npmjs.org/earcut/-/earcut-3.0.2.tgz",
      "integrity": "sha512-X7hshQbLyMJ/3RPhyObLARM2sNxxmRALLKx1+NVFFnQ9gKzmCrxm9+uLIAdBcvc8FNLpctqlQ2V6AE92Ol9UDQ=="
    },
    "eventemitter3": {
      "version": "5.0.4",
      "resolved": "https://registry.npmjs.org/eventemitter3/-/eventemitter3-5.0.4.tgz",
      "integrity": "sha512-mlsTRyGaPBjPedk6Bvw+aqbsXDtoAyAzm5MO7JgU+yVRyMQ5O8bD4Kcci7BS85f93veegeCPkL8R4GLClnjLFw=="
    },
    "gifuct-js": {
      "version": "2.1.2",
      "resolved": "https://registry.npmjs.org/gifuct-js/-/gifuct-js-2.1.2.tgz",
      "integrity": "sha512-rI2asw77u0mGgwhV3qA+OEgYqaDn5UNqgs+Bx0FGwSpuqfYn+Ir6RQY5ENNQ8SbIiG/m5gVa7CD5RriO4f4Lsg==",
      "requires": {
        "js-binary-schema-parser": "^2.0.3"
      }
    },
    "ismobilejs": {
      "version": "1.1.1",
      "resolved": "https://registry.npmjs.org/ismobilejs/-/ismobilejs-1.1.1.tgz",
      "integrity": "sha512-VaFW53yt8QO61k2WJui0dHf4SlL8lxBofUuUmwBo0ljPk0Drz2TiuDW4jo3wDcv41qy/SxrJ+VAzJ/qYqsmzRw=="
    },
    "js-binary-schema-parser": {
      "version": "2.0.3",
      "resolved": "https://registry.npmjs.org/js-binary-schema-parser/-/js-binary-schema-parser-2.0.3.tgz",
      "integrity": "sha512-xezGJmOb4lk/M1ZZLTR/jaBHQ4gG/lqQnJqdIv4721DMggsa1bDVlHXNeHYogaIEHD9vCRv0fcL4hMA+Coarkg=="
    },
    "parse-svg-path": {
      "version": "0.1.2",
      "resolved": "https://registry.npmjs.org/parse-svg-path/-/parse-svg-path-0.1.2.tgz",
      "integrity": "sha512-JyPSBnkTJ0AI8GGJLfMXvKq42cj5c006fnLz6fXy6zfoVjJizi8BNTpu8on8ziI1cKy9d9DGNuY17Ce7wuejpQ=="
    },
    "phoenix": {
      "version": "file:../../../deps/phoenix",
      "requires": {
        "@babel/cli": "7.28.6",
        "@babel/core": "7.29.0",
        "@babel/preset-env": "7.29.0",
        "@eslint/js": "^10.0.1",
        "@stylistic/eslint-plugin": "^5.0.0",
        "documentation": "^14.0.3",
        "eslint": "10.0.2",
        "eslint-plugin-jest": "29.15.0",
        "jest": "^30.0.0",
        "jest-environment-jsdom": "^30.0.0",
        "jsdom": "^28.1.0",
        "mock-socket": "^9.3.1"
      }
    },
    "phoenix_html": {
      "version": "file:../../../deps/phoenix_html"
    },
    "phoenix_live_view": {
      "version": "file:../../../deps/phoenix_live_view",
      "requires": {
        "@babel/cli": "7.27.2",
        "@babel/core": "7.27.4",
        "@babel/preset-env": "7.27.2",
        "@babel/preset-typescript": "^7.27.1",
        "@eslint/js": "^9.29.0",
        "@playwright/test": "^1.56.1",
        "@types/jest": "^30.0.0",
        "@types/phoenix": "^1.6.6",
        "css.escape": "^1.5.1",
        "eslint": "9.29.0",
        "eslint-plugin-jest": "28.14.0",
        "eslint-plugin-playwright": "^2.2.0",
        "globals": "^16.2.0",
        "jest": "^30.0.0",
        "jest-environment-jsdom": "^30.0.0",
        "jest-monocart-coverage": "^1.1.1",
        "monocart-reporter": "^2.9.21",
        "morphdom": "2.7.8",
        "phoenix": "1.7.21",
        "prettier": "3.5.3",
        "ts-jest": "^29.4.0",
        "typescript": "^5.8.3",
        "typescript-eslint": "^8.34.0"
      }
    },
    "pixi.js": {
      "version": "8.17.1",
      "resolved": "https://registry.npmjs.org/pixi.js/-/pixi.js-8.17.1.tgz",
      "integrity": "sha512-OB4TpZHrP5RYy+7FqmFrAc0IHRhfOoNIfF4sVeinvK3aG1r2pYrSMneJAKi9+WvGKC70Dj7GEpZ2OZGB6o/xdg==",
      "requires": {
        "@pixi/colord": "^2.9.6",
        "@types/earcut": "^3.0.0",
        "@webgpu/types": "^0.1.69",
        "@xmldom/xmldom": "^0.8.11",
        "earcut": "^3.0.2",
        "eventemitter3": "^5.0.1",
        "gifuct-js": "^2.1.2",
        "ismobilejs": "^1.1.1",
        "parse-svg-path": "^0.1.2",
        "tiny-lru": "^11.4.7"
      }
    },
    "tiny-lru": {
      "version": "11.4.7",
      "resolved": "https://registry.npmjs.org/tiny-lru/-/tiny-lru-11.4.7.tgz",
      "integrity": "sha512-w/Te7uMUVeH0CR8vZIjr+XiN41V+30lkDdK+NRIDCUYKKuL9VcmaUEmaPISuwGhLlrTGh5yu18lENtR9axSxYw=="
    }
  }
}
